
Microsoft Visual Studio Solution File, Format Version 12.00
# Visual Studio 14
VisualStudioVersion = 14.0.25420.1
MinimumVisualStudioVersion = 10.0.40219.1
Project("{FAE04EC0-301F-11D3-BF4B-00C04F79EFBC}") = "Lexical Analyzer", "Lexical Analyzer\Lexical Analyzer.csproj", "{B9480B5E-3F0C-45D0-BDA6-56F56B0DA375}"
EndProject
Global
	GlobalSection(SolutionConfigurationPlatforms) = preSolution
		Debug|Any CPU = Debug|Any CPU
		Release|Any CPU = Release|Any CPU
	EndGlobalSection
	GlobalSection(ProjectConfigurationPlatforms) = postSolution
		{B9480B5E-3F0C-45D0-BDA6-56F56B0DA375}.Debug|Any CPU.ActiveCfg = Debug|Any CPU
		{B9480B5E-3F0C-45D0-BDA6-56F56B0DA375}.Debug|Any CPU.Build.0 = Debug|Any CPU
		{B9480B5E-3F0C-45D0-BDA6-56F56B0DA375}.Release|Any CPU.ActiveCfg = Release|Any CPU
		{B9480B5E-3F0C-45D0-BDA6-56F56B0DA375}.Release|Any CPU.Build.0 = Release|Any CPU
	EndGlobalSection
	GlobalSection(SolutionProperties) = preSolution
		HideSolutionNode = FALSE
	EndGlobalSection
EndGlobal
